
Microsoft Visual Studio Solution File, Format Version 12.00
# Visual Studio 15
VisualStudioVersion = 15.0.28010.2050
MinimumVisualStudioVersion = 10.0.40219.1
Project("{FAE04EC0-301F-11D3-BF4B-00C04F79EFBC}") = "Lands.Android", "Lands\Lands.Android\Lands.Android.csproj", "{CDDED80E-66CD-4A93-98B9-02B8959DF93A}"
EndProject
Project("{FAE04EC0-301F-11D3-BF4B-00C04F79EFBC}") = "Lands.iOS", "Lands\Lands.iOS\Lands.iOS.csproj", "{A5B40659-574C-4FE7-ACE7-D849F8D73ECD}"
EndProject
Project("{9A19103F-16F7-4668-BE54-9A1E7A4F7556}") = "Lands", "Lands\Lands\Lands.csproj", "{18761D2D-D281-4B44-AB3F-C87C07729CD1}"
EndProject
Project("{FAE04EC0-301F-11D3-BF4B-00C04F79EFBC}") = "Lands.Domain", "Lands\Lands.Domain\Lands.Domain.csproj", "{0F065DDB-538A-4394-998A-DA0585A0CE32}"
EndProject
Project("{FAE04EC0-301F-11D3-BF4B-00C04F79EFBC}") = "Lands.Backend", "Lands\Lands.Backend\Lands.Backend.csproj", "{8C8AB662-7121-46F9-80D8-C7824F2CAF8A}"
EndProject
Project("{FAE04EC0-301F-11D3-BF4B-00C04F79EFBC}") = "Lands.API", "Lands\Lands.API\Lands.API.csproj", "{94BCC548-69C6-4350-B890-35A6A30061ED}"
EndProject
Global
	GlobalSection(SolutionConfigurationPlatforms) = preSolution
		Ad-Hoc|Any CPU = Ad-Hoc|Any CPU
		Ad-Hoc|iPhone = Ad-Hoc|iPhone
		Ad-Hoc|iPhoneSimulator = Ad-Hoc|iPhoneSimulator
		AppStore|Any CPU = AppStore|Any CPU
		AppStore|iPhone = AppStore|iPhone
		AppStore|iPhoneSimulator = AppStore|iPhoneSimulator
		Debug|Any CPU = Debug|Any CPU
		Debug|iPhone = Debug|iPhone
		Debug|iPhoneSimulator = Debug|iPhoneSimulator
		Release|Any CPU = Release|Any CPU
		Release|iPhone = Release|iPhone
		Release|iPhoneSimulator = Release|iPhoneSimulator
	EndGlobalSection
	GlobalSection(ProjectConfigurationPlatforms) = postSolution
		{CDDED80E-66CD-4A93-98B9-02B8959DF93A}.Ad-Hoc|Any CPU.ActiveCfg = Release|Any CPU
		{CDDED80E-66CD-4A93-98B9-02B8959DF93A}.Ad-Hoc|Any CPU.Build.0 = Release|Any CPU
		{CDDED80E-66CD-4A93-98B9-02B8959DF93A}.Ad-Hoc|Any CPU.Deploy.0 = Release|Any CPU
		{CDDED80E-66CD-4A93-98B9-02B8959DF93A}.Ad-Hoc|iPhone.ActiveCfg = Release|Any CPU
		{CDDED80E-66CD-4A93-98B9-02B8959DF93A}.Ad-Hoc|iPhone.Build.0 = Release|Any CPU
		{CDDED80E-66CD-4A93-98B9-02B8959DF93A}.Ad-Hoc|iPhone.Deploy.0 = Release|Any CPU
		{CDDED80E-66CD-4A93-98B9-02B8959DF93A}.Ad-Hoc|iPhoneSimulator.ActiveCfg = Release|Any CPU
		{CDDED80E-66CD-4A93-98B9-02B8959DF93A}.Ad-Hoc|iPhoneSimulator.Build.0 = Release|Any CPU
		{CDDED80E-66CD-4A93-98B9-02B8959DF93A}.Ad-Hoc|iPhoneSimulator.Deploy.0 = Release|Any CPU
		{CDDED80E-66CD-4A93-98B9-02B8959DF93A}.AppStore|Any CPU.ActiveCfg = Release|Any CPU
		{CDDED80E-66CD-4A93-98B9-02B8959DF93A}.AppStore|Any CPU.Build.0 = Release|Any CPU
		{CDDED80E-66CD-4A93-98B9-02B8959DF93A}.AppStore|Any CPU.Deploy.0 = Release|Any CPU
		{CDDED80E-66CD-4A93-98B9-02B8959DF93A}.AppStore|iPhone.ActiveCfg = Release|Any CPU
		{CDDED80E-66CD-4A93-98B9-02B8959DF93A}.AppStore|iPhone.Build.0 = Release|Any CPU
		{CDDED80E-66CD-4A93-98B9-02B8959DF93A}.AppStore|iPhone.Deploy.0 = Release|Any CPU
		{CDDED80E-66CD-4A93-98B9-02B8959DF93A}.AppStore|iPhoneSimulator.ActiveCfg = Release|Any CPU
		{CDDED80E-66CD-4A93-98B9-02B8959DF93A}.AppStore|iPhoneSimulator.Build.0 = Release|Any CPU
		{CDDED80E-66CD-4A93-98B9-02B8959DF93A}.AppStore|iPhoneSimulator.Deploy.0 = Release|Any CPU
		{CDDED80E-66CD-4A93-98B9-02B8959DF93A}.Debug|Any CPU.ActiveCfg = Debug|Any CPU
		{CDDED80E-66CD-4A93-98B9-02B8959DF93A}.Debug|Any CPU.Build.0 = Debug|Any CPU
		{CDDED80E-66CD-4A93-98B9-02B8959DF93A}.Debug|Any CPU.Deploy.0 = Debug|Any CPU
		{CDDED80E-66CD-4A93-98B9-02B8959DF93A}.Debug|iPhone.ActiveCfg = Debug|Any CPU
		{CDDED80E-66CD-4A93-98B9-02B8959DF93A}.Debug|iPhone.Build.0 = Debug|Any CPU
		{CDDED80E-66CD-4A93-98B9-02B8959DF93A}.Debug|iPhone.Deploy.0 = Debug|Any CPU
		{CDDED80E-66CD-4A93-98B9-02B8959DF93A}.Debug|iPhoneSimulator.ActiveCfg = Debug|Any CPU
		{CDDED80E-66CD-4A93-98B9-02B8959DF93A}.Debug|iPhoneSimulator.Build.0 = Debug|Any CPU
		{CDDED80E-66CD-4A93-98B9-02B8959DF93A}.Debug|iPhoneSimulator.Deploy.0 = Debug|Any CPU
		{CDDED80E-66CD-4A93-98B9-02B8959DF93A}.Release|Any CPU.ActiveCfg = Release|Any CPU
		{CDDED80E-66CD-4A93-98B9-02B8959DF93A}.Release|Any CPU.Build.0 = Release|Any CPU
		{CDDED80E-66CD-4A93-98B9-02B8959DF93A}.Release|Any CPU.Deploy.0 = Release|Any CPU
		{CDDED80E-66CD-4A93-98B9-02B8959DF93A}.Release|iPhone.ActiveCfg = Release|Any CPU
		{CDDED80E-66CD-4A93-98B9-02B8959DF93A}.Release|iPhone.Build.0 = Release|Any CPU
		{CDDED80E-66CD-4A93-98B9-02B8959DF93A}.Release|iPhone.Deploy.0 = Release|Any CPU
		{CDDED80E-66CD-4A93-98B9-02B8959DF93A}.Release|iPhoneSimulator.ActiveCfg = Release|Any CPU
		{CDDED80E-66CD-4A93-98B9-02B8959DF93A}.Release|iPhoneSimulator.Build.0 = Release|Any CPU
		{CDDED80E-66CD-4A93-98B9-02B8959DF93A}.Release|iPhoneSimulator.Deploy.0 = Release|Any CPU
		{A5B40659-574C-4FE7-ACE7-D849F8D73ECD}.Ad-Hoc|Any CPU.ActiveCfg = Ad-Hoc|iPhone
		{A5B40659-574C-4FE7-ACE7-D849F8D73ECD}.Ad-Hoc|Any CPU.Build.0 = Ad-Hoc|iPhone
		{A5B40659-574C-4FE7-ACE7-D849F8D73ECD}.Ad-Hoc|Any CPU.Deploy.0 = Ad-Hoc|iPhone
		{A5B40659-574C-4FE7-ACE7-D849F8D73ECD}.Ad-Hoc|iPhone.ActiveCfg = Ad-Hoc|iPhone
		{A5B40659-574C-4FE7-ACE7-D849F8D73ECD}.Ad-Hoc|iPhone.Build.0 = Ad-Hoc|iPhone
		{A5B40659-574C-4FE7-ACE7-D849F8D73ECD}.Ad-Hoc|iPhone.Deploy.0 = Ad-Hoc|iPhone
		{A5B40659-574C-4FE7-ACE7-D849F8D73ECD}.Ad-Hoc|iPhoneSimulator.ActiveCfg = Ad-Hoc|iPhoneSimulator
		{A5B40659-574C-4FE7-ACE7-D849F8D73ECD}.Ad-Hoc|iPhoneSimulator.Build.0 = Ad-Hoc|iPhoneSimulator
		{A5B40659-574C-4FE7-ACE7-D849F8D73ECD}.Ad-Hoc|iPhoneSimulator.Deploy.0 = Ad-Hoc|iPhoneSimulator
		{A5B40659-574C-4FE7-ACE7-D849F8D73ECD}.AppStore|Any CPU.ActiveCfg = AppStore|iPhone
		{A5B40659-574C-4FE7-ACE7-D849F8D73ECD}.AppStore|Any CPU.Build.0 = AppStore|iPhone
		{A5B40659-574C-4FE7-ACE7-D849F8D73ECD}.AppStore|Any CPU.Deploy.0 = AppStore|iPhone
		{A5B40659-574C-4FE7-ACE7-D849F8D73ECD}.AppStore|iPhone.ActiveCfg = AppStore|iPhone
		{A5B40659-574C-4FE7-ACE7-D849F8D73ECD}.AppStore|iPhone.Build.0 = AppStore|iPhone
		{A5B40659-574C-4FE7-ACE7-D849F8D73ECD}.AppStore|iPhone.Deploy.0 = AppStore|iPhone
		{A5B40659-574C-4FE7-ACE7-D849F8D73ECD}.AppStore|iPhoneSimulator.ActiveCfg = AppStore|iPhoneSimulator
		{A5B40659-574C-4FE7-ACE7-D849F8D73ECD}.AppStore|iPhoneSimulator.Build.0 = AppStore|iPhoneSimulator
		{A5B40659-574C-4FE7-ACE7-D849F8D73ECD}.AppStore|iPhoneSimulator.Deploy.0 = AppStore|iPhoneSimulator
		{A5B40659-574C-4FE7-ACE7-D849F8D73ECD}.Debug|Any CPU.ActiveCfg = Debug|iPhoneSimulator
		{A5B40659-574C-4FE7-ACE7-D849F8D73ECD}.Debug|Any CPU.Build.0 = Debug|iPhoneSimulator
		{A5B40659-574C-4FE7-ACE7-D849F8D73ECD}.Debug|Any CPU.Deploy.0 = Debug|iPhoneSimulator
		{A5B40659-574C-4FE7-ACE7-D849F8D73ECD}.Debug|iPhone.ActiveCfg = Debug|iPhone
		{A5B40659-574C-4FE7-ACE7-D849F8D73ECD}.Debug|iPhone.Build.0 = Debug|iPhone
		{A5B40659-574C-4FE7-ACE7-D849F8D73ECD}.Debug|iPhone.Deploy.0 = Debug|iPhone
		{A5B40659-574C-4FE7-ACE7-D849F8D73ECD}.Debug|iPhoneSimulator.ActiveCfg = Debug|iPhoneSimulator
		{A5B40659-574C-4FE7-ACE7-D849F8D73ECD}.Debug|iPhoneSimulator.Build.0 = Debug|iPhoneSimulator
		{A5B40659-574C-4FE7-ACE7-D849F8D73ECD}.Debug|iPhoneSimulator.Deploy.0 = Debug|iPhoneSimulator
		{A5B40659-574C-4FE7-ACE7-D849F8D73ECD}.Release|Any CPU.ActiveCfg = Release|iPhone
		{A5B40659-574C-4FE7-ACE7-D849F8D73ECD}.Release|Any CPU.Build.0 = Release|iPhone
		{A5B40659-574C-4FE7-ACE7-D849F8D73ECD}.Release|Any CPU.Deploy.0 = Release|iPhone
		{A5B40659-574C-4FE7-ACE7-D849F8D73ECD}.Release|iPhone.ActiveCfg = Release|iPhone
		{A5B40659-574C-4FE7-ACE7-D849F8D73ECD}.Release|iPhone.Build.0 = Release|iPhone
		{A5B40659-574C-4FE7-ACE7-D849F8D73ECD}.Release|iPhone.Deploy.0 = Release|iPhone
		{A5B40659-574C-4FE7-ACE7-D849F8D73ECD}.Release|iPhoneSimulator.ActiveCfg = Release|iPhoneSimulator
		{A5B40659-574C-4FE7-ACE7-D849F8D73ECD}.Release|iPhoneSimulator.Build.0 = Release|iPhoneSimulator
		{A5B40659-574C-4FE7-ACE7-D849F8D73ECD}.Release|iPhoneSimulator.Deploy.0 = Release|iPhoneSimulator
		{18761D2D-D281-4B44-AB3F-C87C07729CD1}.Ad-Hoc|Any CPU.ActiveCfg = Debug|Any CPU
		{18761D2D-D281-4B44-AB3F-C87C07729CD1}.Ad-Hoc|Any CPU.Build.0 = Debug|Any CPU
		{18761D2D-D281-4B44-AB3F-C87C07729CD1}.Ad-Hoc|Any CPU.Deploy.0 = Debug|Any CPU
		{18761D2D-D281-4B44-AB3F-C87C07729CD1}.Ad-Hoc|iPhone.ActiveCfg = Debug|Any CPU
		{18761D2D-D281-4B44-AB3F-C87C07729CD1}.Ad-Hoc|iPhone.Build.0 = Debug|Any CPU
		{18761D2D-D281-4B44-AB3F-C87C07729CD1}.Ad-Hoc|iPhone.Deploy.0 = Debug|Any CPU
		{18761D2D-D281-4B44-AB3F-C87C07729CD1}.Ad-Hoc|iPhoneSimulator.ActiveCfg = Debug|Any CPU
		{18761D2D-D281-4B44-AB3F-C87C07729CD1}.Ad-Hoc|iPhoneSimulator.Build.0 = Debug|Any CPU
		{18761D2D-D281-4B44-AB3F-C87C07729CD1}.Ad-Hoc|iPhoneSimulator.Deploy.0 = Debug|Any CPU
		{18761D2D-D281-4B44-AB3F-C87C07729CD1}.AppStore|Any CPU.ActiveCfg = Debug|Any CPU
		{18761D2D-D281-4B44-AB3F-C87C07729CD1}.AppStore|Any CPU.Build.0 = Debug|Any CPU
		{18761D2D-D281-4B44-AB3F-C87C07729CD1}.AppStore|Any CPU.Deploy.0 = Debug|Any CPU
		{18761D2D-D281-4B44-AB3F-C87C07729CD1}.AppStore|iPhone.ActiveCfg = Debug|Any CPU
		{18761D2D-D281-4B44-AB3F-C87C07729CD1}.AppStore|iPhone.Build.0 = Debug|Any CPU
		{18761D2D-D281-4B44-AB3F-C87C07729CD1}.AppStore|iPhone.Deploy.0 = Debug|Any CPU
		{18761D2D-D281-4B44-AB3F-C87C07729CD1}.AppStore|iPhoneSimulator.ActiveCfg = Debug|Any CPU
		{18761D2D-D281-4B44-AB3F-C87C07729CD1}.AppStore|iPhoneSimulator.Build.0 = Debug|Any CPU
		{18761D2D-D281-4B44-AB3F-C87C07729CD1}.AppStore|iPhoneSimulator.Deploy.0 = Debug|Any CPU
		{18761D2D-D281-4B44-AB3F-C87C07729CD1}.Debug|Any CPU.ActiveCfg = Debug|Any CPU
		{18761D2D-D281-4B44-AB3F-C87C07729CD1}.Debug|Any CPU.Build.0 = Debug|Any CPU
		{18761D2D-D281-4B44-AB3F-C87C07729CD1}.Debug|Any CPU.Deploy.0 = Debug|Any CPU
		{18761D2D-D281-4B44-AB3F-C87C07729CD1}.Debug|iPhone.ActiveCfg = Debug|Any CPU
		{18761D2D-D281-4B44-AB3F-C87C07729CD1}.Debug|iPhone.Build.0 = Debug|Any CPU
		{18761D2D-D281-4B44-AB3F-C87C07729CD1}.Debug|iPhone.Deploy.0 = Debug|Any CPU
		{18761D2D-D281-4B44-AB3F-C87C07729CD1}.Debug|iPhoneSimulator.ActiveCfg = Debug|Any CPU
		{18761D2D-D281-4B44-AB3F-C87C07729CD1}.Debug|iPhoneSimulator.Build.0 = Debug|Any CPU
		{18761D2D-D281-4B44-AB3F-C87C07729CD1}.Debug|iPhoneSimulator.Deploy.0 = Debug|Any CPU
		{18761D2D-D281-4B44-AB3F-C87C07729CD1}.Release|Any CPU.ActiveCfg = Release|Any CPU
		{18761D2D-D281-4B44-AB3F-C87C07729CD1}.Release|Any CPU.Build.0 = Release|Any CPU
		{18761D2D-D281-4B44-AB3F-C87C07729CD1}.Release|Any CPU.Deploy.0 = Release|Any CPU
		{18761D2D-D281-4B44-AB3F-C87C07729CD1}.Release|iPhone.ActiveCfg = Release|Any CPU
		{18761D2D-D281-4B44-AB3F-C87C07729CD1}.Release|iPhone.Build.0 = Release|Any CPU
		{18761D2D-D281-4B44-AB3F-C87C07729CD1}.Release|iPhone.Deploy.0 = Release|Any CPU
		{18761D2D-D281-4B44-AB3F-C87C07729CD1}.Release|iPhoneSimulator.ActiveCfg = Release|Any CPU
		{18761D2D-D281-4B44-AB3F-C87C07729CD1}.Release|iPhoneSimulator.Build.0 = Release|Any CPU
		{18761D2D-D281-4B44-AB3F-C87C07729CD1}.Release|iPhoneSimulator.Deploy.0 = Release|Any CPU
		{0F065DDB-538A-4394-998A-DA0585A0CE32}.Ad-Hoc|Any CPU.ActiveCfg = Release|Any CPU
		{0F065DDB-538A-4394-998A-DA0585A0CE32}.Ad-Hoc|Any CPU.Build.0 = Release|Any CPU
		{0F065DDB-538A-4394-998A-DA0585A0CE32}.Ad-Hoc|iPhone.ActiveCfg = Release|Any CPU
		{0F065DDB-538A-4394-998A-DA0585A0CE32}.Ad-Hoc|iPhone.Build.0 = Release|Any CPU
		{0F065DDB-538A-4394-998A-DA0585A0CE32}.Ad-Hoc|iPhoneSimulator.ActiveCfg = Release|Any CPU
		{0F065DDB-538A-4394-998A-DA0585A0CE32}.Ad-Hoc|iPhoneSimulator.Build.0 = Release|Any CPU
		{0F065DDB-538A-4394-998A-DA0585A0CE32}.AppStore|Any CPU.ActiveCfg = Release|Any CPU
		{0F065DDB-538A-4394-998A-DA0585A0CE32}.AppStore|Any CPU.Build.0 = Release|Any CPU
		{0F065DDB-538A-4394-998A-DA0585A0CE32}.AppStore|iPhone.ActiveCfg = Release|Any CPU
		{0F065DDB-538A-4394-998A-DA0585A0CE32}.AppStore|iPhone.Build.0 = Release|Any CPU
		{0F065DDB-538A-4394-998A-DA0585A0CE32}.AppStore|iPhoneSimulator.ActiveCfg = Release|Any CPU
		{0F065DDB-538A-4394-998A-DA0585A0CE32}.AppStore|iPhoneSimulator.Build.0 = Release|Any CPU
		{0F065DDB-538A-4394-998A-DA0585A0CE32}.Debug|Any CPU.ActiveCfg = Debug|Any CPU
		{0F065DDB-538A-4394-998A-DA0585A0CE32}.Debug|Any CPU.Build.0 = Debug|Any CPU
		{0F065DDB-538A-4394-998A-DA0585A0CE32}.Debug|iPhone.ActiveCfg = Debug|Any CPU
		{0F065DDB-538A-4394-998A-DA0585A0CE32}.Debug|iPhone.Build.0 = Debug|Any CPU
		{0F065DDB-538A-4394-998A-DA0585A0CE32}.Debug|iPhoneSimulator.ActiveCfg = Debug|Any CPU
		{0F065DDB-538A-4394-998A-DA0585A0CE32}.Debug|iPhoneSimulator.Build.0 = Debug|Any CPU
		{0F065DDB-538A-4394-998A-DA0585A0CE32}.Release|Any CPU.ActiveCfg = Release|Any CPU
		{0F065DDB-538A-4394-998A-DA0585A0CE32}.Release|Any CPU.Build.0 = Release|Any CPU
		{0F065DDB-538A-4394-998A-DA0585A0CE32}.Release|iPhone.ActiveCfg = Release|Any CPU
		{0F065DDB-538A-4394-998A-DA0585A0CE32}.Release|iPhone.Build.0 = Release|Any CPU
		{0F065DDB-538A-4394-998A-DA0585A0CE32}.Release|iPhoneSimulator.ActiveCfg = Release|Any CPU
		{0F065DDB-538A-4394-998A-DA0585A0CE32}.Release|iPhoneSimulator.Build.0 = Release|Any CPU
		{8C8AB662-7121-46F9-80D8-C7824F2CAF8A}.Ad-Hoc|Any CPU.ActiveCfg = Release|Any CPU
		{8C8AB662-7121-46F9-80D8-C7824F2CAF8A}.Ad-Hoc|Any CPU.Build.0 = Release|Any CPU
		{8C8AB662-7121-46F9-80D8-C7824F2CAF8A}.Ad-Hoc|iPhone.ActiveCfg = Release|Any CPU
		{8C8AB662-7121-46F9-80D8-C7824F2CAF8A}.Ad-Hoc|iPhone.Build.0 = Release|Any CPU
		{8C8AB662-7121-46F9-80D8-C7824F2CAF8A}.Ad-Hoc|iPhoneSimulator.ActiveCfg = Release|Any CPU
		{8C8AB662-7121-46F9-80D8-C7824F2CAF8A}.Ad-Hoc|iPhoneSimulator.Build.0 = Release|Any CPU
		{8C8AB662-7121-46F9-80D8-C7824F2CAF8A}.AppStore|Any CPU.ActiveCfg = Release|Any CPU
		{8C8AB662-7121-46F9-80D8-C7824F2CAF8A}.AppStore|Any CPU.Build.0 = Release|Any CPU
		{8C8AB662-7121-46F9-80D8-C7824F2CAF8A}.AppStore|iPhone.ActiveCfg = Release|Any CPU
		{8C8AB662-7121-46F9-80D8-C7824F2CAF8A}.AppStore|iPhone.Build.0 = Release|Any CPU
		{8C8AB662-7121-46F9-80D8-C7824F2CAF8A}.AppStore|iPhoneSimulator.ActiveCfg = Release|Any CPU
		{8C8AB662-7121-46F9-80D8-C7824F2CAF8A}.AppStore|iPhoneSimulator.Build.0 = Release|Any CPU
		{8C8AB662-7121-46F9-80D8-C7824F2CAF8A}.Debug|Any CPU.ActiveCfg = Debug|Any CPU
		{8C8AB662-7121-46F9-80D8-C7824F2CAF8A}.Debug|Any CPU.Build.0 = Debug|Any CPU
		{8C8AB662-7121-46F9-80D8-C7824F2CAF8A}.Debug|iPhone.ActiveCfg = Debug|Any CPU
		{8C8AB662-7121-46F9-80D8-C7824F2CAF8A}.Debug|iPhone.Build.0 = Debug|Any CPU
		{8C8AB662-7121-46F9-80D8-C7824F2CAF8A}.Debug|iPhoneSimulator.ActiveCfg = Debug|Any CPU
		{8C8AB662-7121-46F9-80D8-C7824F2CAF8A}.Debug|iPhoneSimulator.Build.0 = Debug|Any CPU
		{8C8AB662-7121-46F9-80D8-C7824F2CAF8A}.Release|Any CPU.ActiveCfg = Release|Any CPU
		{8C8AB662-7121-46F9-80D8-C7824F2CAF8A}.Release|Any CPU.Build.0 = Release|Any CPU
		{8C8AB662-7121-46F9-80D8-C7824F2CAF8A}.Release|iPhone.ActiveCfg = Release|Any CPU
		{8C8AB662-7121-46F9-80D8-C7824F2CAF8A}.Release|iPhone.Build.0 = Release|Any CPU
		{8C8AB662-7121-46F9-80D8-C7824F2CAF8A}.Release|iPhoneSimulator.ActiveCfg = Release|Any CPU
		{8C8AB662-7121-46F9-80D8-C7824F2CAF8A}.Release|iPhoneSimulator.Build.0 = Release|Any CPU
		{94BCC548-69C6-4350-B890-35A6A30061ED}.Ad-Hoc|Any CPU.ActiveCfg = Release|Any CPU
		{94BCC548-69C6-4350-B890-35A6A30061ED}.Ad-Hoc|Any CPU.Build.0 = Release|Any CPU
		{94BCC548-69C6-4350-B890-35A6A30061ED}.Ad-Hoc|iPhone.ActiveCfg = Release|Any CPU
		{94BCC548-69C6-4350-B890-35A6A30061ED}.Ad-Hoc|iPhone.Build.0 = Release|Any CPU
		{94BCC548-69C6-4350-B890-35A6A30061ED}.Ad-Hoc|iPhoneSimulator.ActiveCfg = Release|Any CPU
		{94BCC548-69C6-4350-B890-35A6A30061ED}.Ad-Hoc|iPhoneSimulator.Build.0 = Release|Any CPU
		{94BCC548-69C6-4350-B890-35A6A30061ED}.AppStore|Any CPU.ActiveCfg = Release|Any CPU
		{94BCC548-69C6-4350-B890-35A6A30061ED}.AppStore|Any CPU.Build.0 = Release|Any CPU
		{94BCC548-69C6-4350-B890-35A6A30061ED}.AppStore|iPhone.ActiveCfg = Release|Any CPU
		{94BCC548-69C6-4350-B890-35A6A30061ED}.AppStore|iPhone.Build.0 = Release|Any CPU
		{94BCC548-69C6-4350-B890-35A6A30061ED}.AppStore|iPhoneSimulator.ActiveCfg = Release|Any CPU
		{94BCC548-69C6-4350-B890-35A6A30061ED}.AppStore|iPhoneSimulator.Build.0 = Release|Any CPU
		{94BCC548-69C6-4350-B890-35A6A30061ED}.Debug|Any CPU.ActiveCfg = Debug|Any CPU
		{94BCC548-69C6-4350-B890-35A6A30061ED}.Debug|Any CPU.Build.0 = Debug|Any CPU
		{94BCC548-69C6-4350-B890-35A6A30061ED}.Debug|iPhone.ActiveCfg = Debug|Any CPU
		{94BCC548-69C6-4350-B890-35A6A30061ED}.Debug|iPhone.Build.0 = Debug|Any CPU
		{94BCC548-69C6-4350-B890-35A6A30061ED}.Debug|iPhoneSimulator.ActiveCfg = Debug|Any CPU
		{94BCC548-69C6-4350-B890-35A6A30061ED}.Debug|iPhoneSimulator.Build.0 = Debug|Any CPU
		{94BCC548-69C6-4350-B890-35A6A30061ED}.Release|Any CPU.ActiveCfg = Release|Any CPU
		{94BCC548-69C6-4350-B890-35A6A30061ED}.Release|Any CPU.Build.0 = Release|Any CPU
		{94BCC548-69C6-4350-B890-35A6A30061ED}.Release|iPhone.ActiveCfg = Release|Any CPU
		{94BCC548-69C6-4350-B890-35A6A30061ED}.Release|iPhone.Build.0 = Release|Any CPU
		{94BCC548-69C6-4350-B890-35A6A30061ED}.Release|iPhoneSimulator.ActiveCfg = Release|Any CPU
		{94BCC548-69C6-4350-B890-35A6A30061ED}.Release|iPhoneSimulator.Build.0 = Release|Any CPU
	EndGlobalSection
	GlobalSection(SolutionProperties) = preSolution
		HideSolutionNode = FALSE
	EndGlobalSection
	GlobalSection(ExtensibilityGlobals) = postSolution
		SolutionGuid = {7F78338B-72CE-41FF-9F73-7AD17FD7CBA4}
	EndGlobalSection
EndGlobal
